{
  "version": 4,
  "terraform_version": "1.7.0",
  "serial": 10,
  "lineage": "06fe6e5d-a597-4c7d-6ad3-3b499c3e875d",
  "outputs": {
    "subnet_cidr_blocks": {
      "value": [
        "172.31.32.0/20",
        "172.31.0.0/20",
        "172.31.16.0/20"
      ],
      "type": [
        "tuple",
        [
          "string",
          "string",
          "string"
        ]
      ]
    }
  },
  "resources": [
    {
      "mode": "data",
      "type": "aws_subnet",
      "name": "public",
      "provider": "provider[\"registry.terraform.io/hashicorp/aws\"]",
      "instances": [
        {
          "index_key": "subnet-032f25b07f0a6a4c8",
          "schema_version": 0,
          "attributes": {
            "arn": "arn:aws:ec2:eu-west-2:279078331430:subnet/subnet-032f25b07f0a6a4c8",
            "assign_ipv6_address_on_creation": false,
            "availability_zone": "eu-west-2b",
            "availability_zone_id": "euw2-az3",
            "available_ip_address_count": 4091,
            "cidr_block": "172.31.32.0/20",
            "customer_owned_ipv4_pool": "",
            "default_for_az": true,
            "enable_dns64": false,
            "enable_lni_at_device_index": 0,
            "enable_resource_name_dns_a_record_on_launch": false,
            "enable_resource_name_dns_aaaa_record_on_launch": false,
            "filter": null,
            "id": "subnet-032f25b07f0a6a4c8",
            "ipv6_cidr_block": "",
            "ipv6_cidr_block_association_id": "",
            "ipv6_native": false,
            "map_customer_owned_ip_on_launch": false,
            "map_public_ip_on_launch": true,
            "outpost_arn": "",
            "owner_id": "279078331430",
            "private_dns_hostname_type_on_launch": "ip-name",
            "state": "available",
            "tags": {},
            "timeouts": null,
            "vpc_id": "vpc-03bf5a770cef776cb"
          },
          "sensitive_attributes": []
        },
        {
          "index_key": "subnet-08ece3d315e26eb97",
          "schema_version": 0,
          "attributes": {
            "arn": "arn:aws:ec2:eu-west-2:279078331430:subnet/subnet-08ece3d315e26eb97",
            "assign_ipv6_address_on_creation": false,
            "availability_zone": "eu-west-2c",
            "availability_zone_id": "euw2-az1",
            "available_ip_address_count": 4090,
            "cidr_block": "172.31.0.0/20",
            "customer_owned_ipv4_pool": "",
            "default_for_az": true,
            "enable_dns64": false,
            "enable_lni_at_device_index": 0,
            "enable_resource_name_dns_a_record_on_launch": false,
            "enable_resource_name_dns_aaaa_record_on_launch": false,
            "filter": null,
            "id": "subnet-08ece3d315e26eb97",
            "ipv6_cidr_block": "",
            "ipv6_cidr_block_association_id": "",
            "ipv6_native": false,
            "map_customer_owned_ip_on_launch": false,
            "map_public_ip_on_launch": true,
            "outpost_arn": "",
            "owner_id": "279078331430",
            "private_dns_hostname_type_on_launch": "ip-name",
            "state": "available",
            "tags": {},
            "timeouts": null,
            "vpc_id": "vpc-03bf5a770cef776cb"
          },
          "sensitive_attributes": []
        },
        {
          "index_key": "subnet-09c9ee4ae1ab3bc9b",
          "schema_version": 0,
          "attributes": {
            "arn": "arn:aws:ec2:eu-west-2:279078331430:subnet/subnet-09c9ee4ae1ab3bc9b",
            "assign_ipv6_address_on_creation": false,
            "availability_zone": "eu-west-2a",
            "availability_zone_id": "euw2-az2",
            "available_ip_address_count": 4091,
            "cidr_block": "172.31.16.0/20",
            "customer_owned_ipv4_pool": "",
            "default_for_az": true,
            "enable_dns64": false,
            "enable_lni_at_device_index": 0,
            "enable_resource_name_dns_a_record_on_launch": false,
            "enable_resource_name_dns_aaaa_record_on_launch": false,
            "filter": null,
            "id": "subnet-09c9ee4ae1ab3bc9b",
            "ipv6_cidr_block": "",
            "ipv6_cidr_block_association_id": "",
            "ipv6_native": false,
            "map_customer_owned_ip_on_launch": false,
            "map_public_ip_on_launch": true,
            "outpost_arn": "",
            "owner_id": "279078331430",
            "private_dns_hostname_type_on_launch": "ip-name",
            "state": "available",
            "tags": {},
            "timeouts": null,
            "vpc_id": "vpc-03bf5a770cef776cb"
          },
          "sensitive_attributes": []
        }
      ]
    },
    {
      "mode": "data",
      "type": "aws_subnets",
      "name": "public",
      "provider": "provider[\"registry.terraform.io/hashicorp/aws\"]",
      "instances": [
        {
          "schema_version": 0,
          "attributes": {
            "filter": [
              {
                "name": "vpc-id",
                "values": [
                  "vpc-03bf5a770cef776cb"
                ]
              }
            ],
            "id": "eu-west-2",
            "ids": [
              "subnet-08ece3d315e26eb97",
              "subnet-032f25b07f0a6a4c8",
              "subnet-09c9ee4ae1ab3bc9b"
            ],
            "tags": null,
            "timeouts": null
          },
          "sensitive_attributes": []
        }
      ]
    },
    {
      "mode": "data",
      "type": "http",
      "name": "workstation-external-ip",
      "provider": "provider[\"registry.terraform.io/hashicorp/http\"]",
      "instances": [
        {
          "schema_version": 0,
          "attributes": {
            "body": "109.155.51.104\n",
            "ca_cert_pem": null,
            "id": "http://ipv4.icanhazip.com",
            "insecure": null,
            "method": null,
            "request_body": null,
            "request_headers": null,
            "request_timeout_ms": null,
            "response_body": "109.155.51.104\n",
            "response_body_base64": "MTA5LjE1NS41MS4xMDQK",
            "response_headers": {
              "Access-Control-Allow-Methods": "GET",
              "Access-Control-Allow-Origin": "*",
              "Alt-Svc": "h3=\":443\"; ma=86400",
              "Cf-Ray": "84d30461bc5c8926-LHR",
              "Connection": "keep-alive",
              "Content-Length": "15",
              "Content-Type": "text/plain",
              "Date": "Mon, 29 Jan 2024 16:57:56 GMT",
              "Server": "cloudflare",
              "Set-Cookie": "__cf_bm=WW9SXEyIho7O6fSfTrNqYmQIVW3NQvUjeezmdV2m9h4-1706547476-1-AZACfmUY16yKGFojv+oZuvHf/aY3rh/PTurTRkRhspgKt/QSw8CcoUH4Ls3DopXg0hHTR848SCQ9DQxLlYHeHOU=; path=/; expires=Mon, 29-Jan-24 17:27:56 GMT; domain=.icanhazip.com; HttpOnly; SameSite=None",
              "Vary": "Accept-Encoding"
            },
            "retry": null,
            "status_code": 200,
            "url": "http://ipv4.icanhazip.com"
          },
          "sensitive_attributes": []
        }
      ]
    },
    {
      "mode": "managed",
      "type": "aws_eks_cluster",
      "name": "myeks",
      "provider": "provider[\"registry.terraform.io/hashicorp/aws\"]",
      "instances": [
        {
          "schema_version": 0,
          "attributes": {
            "access_config": [
              {
                "authentication_mode": "CONFIG_MAP",
                "bootstrap_cluster_creator_admin_permissions": false
              }
            ],
            "arn": "arn:aws:eks:eu-west-2:279078331430:cluster/mycluster",
            "certificate_authority": [
              {
                "data": "LS0tLS1CRUdJTiBDRVJUSUZJQ0FURS0tLS0tCk1JSURCVENDQWUyZ0F3SUJBZ0lJZkJldUpCU0xmcDh3RFFZSktvWklodmNOQVFFTEJRQXdGVEVUTUJFR0ExVUUKQXhNS2EzVmlaWEp1WlhSbGN6QWVGdzB5TkRBeE1qa3hOalUzTXpaYUZ3MHpOREF4TWpZeE56QXlNelphTUJVeApFekFSQmdOVkJBTVRDbXQxWW1WeWJtVjBaWE13Z2dFaU1BMEdDU3FHU0liM0RRRUJBUVVBQTRJQkR3QXdnZ0VLCkFvSUJBUUN0NXk2c0h1TXNQcHdoZityRWRXOW5XcEZEQnhBL21VQ0JEWW0wOUVFL0FwOTNVakF6bnJtNE5FcnQKSDZ4QzVNTzIrSmt3YXBkc0o2Mmhac2xjaDI3aDFGNTV2aVR4VFN5ZXlDUkJzWDVrSzNRWTFCNDV2UnhIZmVqTgpnLzUySFhlOTA0SmxrYUhjQk9pR0lNRVNwSStEbHpnSlMrcGV2WDd0WUorb0pmTFBKWGN0dnlUaFBmc1NLWnBRCisyRzFOOWh1aXhWZU5ZditkZjV6V3B0dkdDL1FBclBuVkF4d0g5UC9mWk9MSXUra25tVXFiVTVtOXl5cHB1MloKdWl5dGIxWGd4RU42MlVjWXZHeTNSaWNiZU4rWXowVmowQlE5ZUJCTVhjeUUwWktVb3kxc1pjeGl5U21nbnFGSwprN1d1NVg1YWt2cnYrdjFZRzhmRHNVcDBNN0NMQWdNQkFBR2pXVEJYTUE0R0ExVWREd0VCL3dRRUF3SUNwREFQCkJnTlZIUk1CQWY4RUJUQURBUUgvTUIwR0ExVWREZ1FXQkJUZjdtZkZ2TlhUYk1PRzFpZzB0emZVVWtJN2hqQVYKQmdOVkhSRUVEakFNZ2dwcmRXSmxjbTVsZEdWek1BMEdDU3FHU0liM0RRRUJDd1VBQTRJQkFRQXJ5M0pRZ0ZIbAoyem0rN2tZaFU0OFJoNi9McmhzWmV2ZGc0UUV4aXVKbWh5bVk5YS9wcFlKS0Y1aU00aDJkbFd4aWc5aHhLOW8yCndqV24yaWYwNmJVOVhDTnZucm1oTFhhcjZ6S2NudWF6T3dZYVFWQkd4Ly9pbTUrcmtHNW5JdlpFYnFZYnpNWEkKQ0hUUis3dk5zSTJ2QzJhclRnaG5sVHZlalZsSjJBVEJMRGJPZmFkYjFlU3dVbWt2UDFELzJyWngrNzdYSTQwZQp5U0VmakllM1lPWmQ0cjNGb29jTUZFVHBXbjVJdlFhaXIyVm90Sno2cGY1M296c3dRVGtCTHBmVUFyRzcxejNkClNyOGtvSFBPVmJrbnZYUDcrQkNYMUgyRVF3TG16NWpDcFZTbUp5V3d0ZUtzMEd4ZkFFSnRUaTY1enNqMXZhdHUKREl4SzVnOGgxZlovCi0tLS0tRU5EIENFUlRJRklDQVRFLS0tLS0K"
              }
            ],
            "cluster_id": null,
            "created_at": "2024-01-29 16:58:07.174 +0000 UTC",
            "enabled_cluster_log_types": null,
            "encryption_config": [],
            "endpoint": "https://AFEB0B6DAA06D9FAAA2A72069B41C583.gr7.eu-west-2.eks.amazonaws.com",
            "id": "mycluster",
            "identity": [
              {
                "oidc": [
                  {
                    "issuer": "https://oidc.eks.eu-west-2.amazonaws.com/id/AFEB0B6DAA06D9FAAA2A72069B41C583"
                  }
                ]
              }
            ],
            "kubernetes_network_config": [
              {
                "ip_family": "ipv4",
                "service_ipv4_cidr": "10.100.0.0/16",
                "service_ipv6_cidr": ""
              }
            ],
            "name": "mycluster",
            "outpost_config": [],
            "platform_version": "eks.7",
            "role_arn": "arn:aws:iam::279078331430:role/mycluster-eks-cluster-cluster_role",
            "status": "ACTIVE",
            "tags": null,
            "tags_all": {},
            "timeouts": null,
            "version": "1.28",
            "vpc_config": [
              {
                "cluster_security_group_id": "sg-085bed9af22999ff6",
                "endpoint_private_access": false,
                "endpoint_public_access": true,
                "public_access_cidrs": [
                  "0.0.0.0/0"
                ],
                "security_group_ids": [
                  "sg-012946f6320a0a70c"
                ],
                "subnet_ids": [
                  "subnet-032f25b07f0a6a4c8",
                  "subnet-08ece3d315e26eb97",
                  "subnet-09c9ee4ae1ab3bc9b"
                ],
                "vpc_id": "vpc-03bf5a770cef776cb"
              }
            ]
          },
          "sensitive_attributes": [],
          "private": "eyJlMmJmYjczMC1lY2FhLTExZTYtOGY4OC0zNDM2M2JjN2M0YzAiOnsiY3JlYXRlIjoxODAwMDAwMDAwMDAwLCJkZWxldGUiOjkwMDAwMDAwMDAwMCwidXBkYXRlIjozNjAwMDAwMDAwMDAwfX0=",
          "dependencies": [
            "aws_iam_role.cluster_role",
            "aws_security_group.EKS_SG",
            "data.aws_subnets.public",
            "data.http.workstation-external-ip"
          ]
        }
      ]
    },
    {
      "mode": "managed",
      "type": "aws_eks_node_group",
      "name": "mynode_node",
      "provider": "provider[\"registry.terraform.io/hashicorp/aws\"]",
      "instances": [
        {
          "schema_version": 0,
          "attributes": {
            "ami_type": "AL2_x86_64",
            "arn": "arn:aws:eks:eu-west-2:279078331430:nodegroup/mycluster/mycluster-node/fcc6ab17-1e76-a8e9-1d30-9cfcf4cd4a2d",
            "capacity_type": "ON_DEMAND",
            "cluster_name": "mycluster",
            "disk_size": 20,
            "force_update_version": null,
            "id": "mycluster:mycluster-node",
            "instance_types": [
              "t2.micro"
            ],
            "labels": null,
            "launch_template": [],
            "node_group_name": "mycluster-node",
            "node_group_name_prefix": "",
            "node_role_arn": "arn:aws:iam::279078331430:role/mycluster-terraform-eks-eks_node_role",
            "release_version": "1.28.5-20240117",
            "remote_access": [],
            "resources": [
              {
                "autoscaling_groups": [
                  {
                    "name": "eks-mycluster-node-fcc6ab17-1e76-a8e9-1d30-9cfcf4cd4a2d"
                  }
                ],
                "remote_access_security_group_id": ""
              }
            ],
            "scaling_config": [
              {
                "desired_size": 1,
                "max_size": 1,
                "min_size": 1
              }
            ],
            "status": "ACTIVE",
            "subnet_ids": [
              "subnet-032f25b07f0a6a4c8",
              "subnet-08ece3d315e26eb97",
              "subnet-09c9ee4ae1ab3bc9b"
            ],
            "tags": null,
            "tags_all": {},
            "taint": [],
            "timeouts": null,
            "update_config": [
              {
                "max_unavailable": 1,
                "max_unavailable_percentage": 0
              }
            ],
            "version": "1.28"
          },
          "sensitive_attributes": [],
          "private": "eyJlMmJmYjczMC1lY2FhLTExZTYtOGY4OC0zNDM2M2JjN2M0YzAiOnsiY3JlYXRlIjozNjAwMDAwMDAwMDAwLCJkZWxldGUiOjM2MDAwMDAwMDAwMDAsInVwZGF0ZSI6MzYwMDAwMDAwMDAwMH19",
          "dependencies": [
            "aws_eks_cluster.myeks",
            "aws_iam_role.cluster_role",
            "aws_iam_role.eks_node_role",
            "aws_security_group.EKS_SG",
            "data.aws_subnets.public",
            "data.http.workstation-external-ip"
          ]
        }
      ]
    },
    {
      "mode": "managed",
      "type": "aws_iam_role",
      "name": "cluster_role",
      "provider": "provider[\"registry.terraform.io/hashicorp/aws\"]",
      "instances": [
        {
          "schema_version": 0,
          "attributes": {
            "arn": "arn:aws:iam::279078331430:role/mycluster-eks-cluster-cluster_role",
            "assume_role_policy": "{\"Statement\":[{\"Action\":\"sts:AssumeRole\",\"Effect\":\"Allow\",\"Principal\":{\"Service\":\"eks.amazonaws.com\"}}],\"Version\":\"2012-10-17\"}",
            "create_date": "2024-01-29T16:58:02Z",
            "description": "",
            "force_detach_policies": false,
            "id": "mycluster-eks-cluster-cluster_role",
            "inline_policy": [],
            "managed_policy_arns": [],
            "max_session_duration": 3600,
            "name": "mycluster-eks-cluster-cluster_role",
            "name_prefix": "",
            "path": "/",
            "permissions_boundary": "",
            "tags": null,
            "tags_all": {},
            "unique_id": "AROAUB6S5MQTAIAJIGJP2"
          },
          "sensitive_attributes": [],
          "private": "bnVsbA=="
        }
      ]
    },
    {
      "mode": "managed",
      "type": "aws_iam_role",
      "name": "eks_node_role",
      "provider": "provider[\"registry.terraform.io/hashicorp/aws\"]",
      "instances": [
        {
          "schema_version": 0,
          "attributes": {
            "arn": "arn:aws:iam::279078331430:role/mycluster-terraform-eks-eks_node_role",
            "assume_role_policy": "{\"Statement\":[{\"Action\":\"sts:AssumeRole\",\"Effect\":\"Allow\",\"Principal\":{\"Service\":\"ec2.amazonaws.com\"}}],\"Version\":\"2012-10-17\"}",
            "create_date": "2024-01-29T16:58:02Z",
            "description": "",
            "force_detach_policies": false,
            "id": "mycluster-terraform-eks-eks_node_role",
            "inline_policy": [],
            "managed_policy_arns": [],
            "max_session_duration": 3600,
            "name": "mycluster-terraform-eks-eks_node_role",
            "name_prefix": "",
            "path": "/",
            "permissions_boundary": "",
            "tags": null,
            "tags_all": {},
            "unique_id": "AROAUB6S5MQTAKQYYMDGS"
          },
          "sensitive_attributes": [],
          "private": "bnVsbA=="
        }
      ]
    },
    {
      "mode": "managed",
      "type": "aws_iam_role_policy_attachment",
      "name": "AmazonEKSClusterPolicy",
      "provider": "provider[\"registry.terraform.io/hashicorp/aws\"]",
      "instances": [
        {
          "schema_version": 0,
          "attributes": {
            "id": "mycluster-eks-cluster-cluster_role-20240129165803567500000001",
            "policy_arn": "arn:aws:iam::aws:policy/AmazonEKSClusterPolicy",
            "role": "mycluster-eks-cluster-cluster_role"
          },
          "sensitive_attributes": [],
          "private": "bnVsbA==",
          "dependencies": [
            "aws_iam_role.cluster_role"
          ]
        }
      ]
    },
    {
      "mode": "managed",
      "type": "aws_iam_role_policy_attachment",
      "name": "eks_node_role-AmazonEC2ContainerRegistryReadOnly",
      "provider": "provider[\"registry.terraform.io/hashicorp/aws\"]",
      "instances": [
        {
          "schema_version": 0,
          "attributes": {
            "id": "mycluster-terraform-eks-eks_node_role-20240129165803762100000003",
            "policy_arn": "arn:aws:iam::aws:policy/AmazonEC2ContainerRegistryReadOnly",
            "role": "mycluster-terraform-eks-eks_node_role"
          },
          "sensitive_attributes": [],
          "private": "bnVsbA==",
          "dependencies": [
            "aws_iam_role.eks_node_role"
          ]
        }
      ]
    },
    {
      "mode": "managed",
      "type": "aws_iam_role_policy_attachment",
      "name": "eks_node_role-AmazonEKSWorkerNodePolicy",
      "provider": "provider[\"registry.terraform.io/hashicorp/aws\"]",
      "instances": [
        {
          "schema_version": 0,
          "attributes": {
            "id": "mycluster-terraform-eks-eks_node_role-20240129165803634700000002",
            "policy_arn": "arn:aws:iam::aws:policy/AmazonEKSWorkerNodePolicy",
            "role": "mycluster-terraform-eks-eks_node_role"
          },
          "sensitive_attributes": [],
          "private": "bnVsbA==",
          "dependencies": [
            "aws_iam_role.eks_node_role"
          ]
        }
      ]
    },
    {
      "mode": "managed",
      "type": "aws_iam_role_policy_attachment",
      "name": "eks_node_role-AmazonEKS_CNI_Policy",
      "provider": "provider[\"registry.terraform.io/hashicorp/aws\"]",
      "instances": [
        {
          "schema_version": 0,
          "attributes": {
            "id": "mycluster-terraform-eks-eks_node_role-20240129165803817400000004",
            "policy_arn": "arn:aws:iam::aws:policy/AmazonEKS_CNI_Policy",
            "role": "mycluster-terraform-eks-eks_node_role"
          },
          "sensitive_attributes": [],
          "private": "bnVsbA==",
          "dependencies": [
            "aws_iam_role.eks_node_role"
          ]
        }
      ]
    },
    {
      "mode": "managed",
      "type": "aws_security_group",
      "name": "EKS_SG",
      "provider": "provider[\"registry.terraform.io/hashicorp/aws\"]",
      "instances": [
        {
          "schema_version": 1,
          "attributes": {
            "arn": "arn:aws:ec2:eu-west-2:279078331430:security-group/sg-012946f6320a0a70c",
            "description": "mycluster-sg",
            "egress": [
              {
                "cidr_blocks": [
                  "0.0.0.0/0"
                ],
                "description": "",
                "from_port": 0,
                "ipv6_cidr_blocks": [],
                "prefix_list_ids": [],
                "protocol": "-1",
                "security_groups": [],
                "self": false,
                "to_port": 0
              }
            ],
            "id": "sg-012946f6320a0a70c",
            "ingress": [
              {
                "cidr_blocks": [
                  "109.155.51.104/32"
                ],
                "description": "TLS from VPC",
                "from_port": 0,
                "ipv6_cidr_blocks": [],
                "prefix_list_ids": [],
                "protocol": "tcp",
                "security_groups": [],
                "self": false,
                "to_port": 0
              }
            ],
            "name": "mycluster-sg",
            "name_prefix": "",
            "owner_id": "279078331430",
            "revoke_rules_on_delete": false,
            "tags": {
              "Name": "mycluster-sg"
            },
            "tags_all": {
              "Name": "mycluster-sg"
            },
            "timeouts": null,
            "vpc_id": "vpc-03bf5a770cef776cb"
          },
          "sensitive_attributes": [],
          "private": "eyJlMmJmYjczMC1lY2FhLTExZTYtOGY4OC0zNDM2M2JjN2M0YzAiOnsiY3JlYXRlIjo2MDAwMDAwMDAwMDAsImRlbGV0ZSI6OTAwMDAwMDAwMDAwfSwic2NoZW1hX3ZlcnNpb24iOiIxIn0=",
          "dependencies": [
            "data.http.workstation-external-ip"
          ]
        }
      ]
    }
  ],
  "check_results": null
}
